
Microsoft Visual Studio Solution File, Format Version 12.00
# Visual Studio 14
VisualStudioVersion = 14.0.25420.1
MinimumVisualStudioVersion = 10.0.40219.1
Project("{FAE04EC0-301F-11D3-BF4B-00C04F79EFBC}") = "XamarinNativePropertyManager.Droid", "XamarinNativePropertyManager.Droid\XamarinNativePropertyManager.Droid.csproj", "{C3371B7D-3EB8-4E61-AFBD-3E9E21A42F99}"
EndProject
Project("{FAE04EC0-301F-11D3-BF4B-00C04F79EFBC}") = "XamarinNativePropertyManager.iOS", "XamarinNativePropertyManager.iOS\XamarinNativePropertyManager.iOS.csproj", "{4EF13D7C-40F8-41D2-A930-3F904F60C67F}"
EndProject
Project("{FAE04EC0-301F-11D3-BF4B-00C04F79EFBC}") = "XamarinNativePropertyManager", "XamarinNativePropertyManager\XamarinNativePropertyManager.csproj", "{1787C9B9-3D01-4722-B38A-1F2F17C648C9}"
EndProject
Project("{FAE04EC0-301F-11D3-BF4B-00C04F79EFBC}") = "XamarinNativePropertyManager.UWP", "XamarinNativePropertyManager.UWP\XamarinNativePropertyManager.UWP.csproj", "{F3DF5740-15EF-4B35-ABC0-A1E4B4E6E5DA}"
EndProject
Global
	GlobalSection(SolutionConfigurationPlatforms) = preSolution
		Debug|Any CPU = Debug|Any CPU
		Debug|ARM = Debug|ARM
		Debug|iPhone = Debug|iPhone
		Debug|iPhoneSimulator = Debug|iPhoneSimulator
		Debug|x64 = Debug|x64
		Debug|x86 = Debug|x86
		Release|Any CPU = Release|Any CPU
		Release|ARM = Release|ARM
		Release|iPhone = Release|iPhone
		Release|iPhoneSimulator = Release|iPhoneSimulator
		Release|x64 = Release|x64
		Release|x86 = Release|x86
	EndGlobalSection
	GlobalSection(ProjectConfigurationPlatforms) = postSolution
		{C3371B7D-3EB8-4E61-AFBD-3E9E21A42F99}.Debug|Any CPU.ActiveCfg = Debug|Any CPU
		{C3371B7D-3EB8-4E61-AFBD-3E9E21A42F99}.Debug|Any CPU.Build.0 = Debug|Any CPU
		{C3371B7D-3EB8-4E61-AFBD-3E9E21A42F99}.Debug|Any CPU.Deploy.0 = Debug|Any CPU
		{C3371B7D-3EB8-4E61-AFBD-3E9E21A42F99}.Debug|ARM.ActiveCfg = Debug|Any CPU
		{C3371B7D-3EB8-4E61-AFBD-3E9E21A42F99}.Debug|ARM.Build.0 = Debug|Any CPU
		{C3371B7D-3EB8-4E61-AFBD-3E9E21A42F99}.Debug|ARM.Deploy.0 = Debug|Any CPU
		{C3371B7D-3EB8-4E61-AFBD-3E9E21A42F99}.Debug|iPhone.ActiveCfg = Debug|Any CPU
		{C3371B7D-3EB8-4E61-AFBD-3E9E21A42F99}.Debug|iPhone.Build.0 = Debug|Any CPU
		{C3371B7D-3EB8-4E61-AFBD-3E9E21A42F99}.Debug|iPhone.Deploy.0 = Debug|Any CPU
		{C3371B7D-3EB8-4E61-AFBD-3E9E21A42F99}.Debug|iPhoneSimulator.ActiveCfg = Debug|Any CPU
		{C3371B7D-3EB8-4E61-AFBD-3E9E21A42F99}.Debug|x64.ActiveCfg = Debug|Any CPU
		{C3371B7D-3EB8-4E61-AFBD-3E9E21A42F99}.Debug|x64.Build.0 = Debug|Any CPU
		{C3371B7D-3EB8-4E61-AFBD-3E9E21A42F99}.Debug|x64.Deploy.0 = Debug|Any CPU
		{C3371B7D-3EB8-4E61-AFBD-3E9E21A42F99}.Debug|x86.ActiveCfg = Debug|Any CPU
		{C3371B7D-3EB8-4E61-AFBD-3E9E21A42F99}.Debug|x86.Build.0 = Debug|Any CPU
		{C3371B7D-3EB8-4E61-AFBD-3E9E21A42F99}.Debug|x86.Deploy.0 = Debug|Any CPU
		{C3371B7D-3EB8-4E61-AFBD-3E9E21A42F99}.Release|Any CPU.ActiveCfg = Release|Any CPU
		{C3371B7D-3EB8-4E61-AFBD-3E9E21A42F99}.Release|Any CPU.Build.0 = Release|Any CPU
		{C3371B7D-3EB8-4E61-AFBD-3E9E21A42F99}.Release|Any CPU.Deploy.0 = Release|Any CPU
		{C3371B7D-3EB8-4E61-AFBD-3E9E21A42F99}.Release|ARM.ActiveCfg = Release|Any CPU
		{C3371B7D-3EB8-4E61-AFBD-3E9E21A42F99}.Release|ARM.Build.0 = Release|Any CPU
		{C3371B7D-3EB8-4E61-AFBD-3E9E21A42F99}.Release|ARM.Deploy.0 = Release|Any CPU
		{C3371B7D-3EB8-4E61-AFBD-3E9E21A42F99}.Release|iPhone.ActiveCfg = Release|Any CPU
		{C3371B7D-3EB8-4E61-AFBD-3E9E21A42F99}.Release|iPhone.Build.0 = Release|Any CPU
		{C3371B7D-3EB8-4E61-AFBD-3E9E21A42F99}.Release|iPhone.Deploy.0 = Release|Any CPU
		{C3371B7D-3EB8-4E61-AFBD-3E9E21A42F99}.Release|iPhoneSimulator.ActiveCfg = Release|Any CPU
		{C3371B7D-3EB8-4E61-AFBD-3E9E21A42F99}.Release|iPhoneSimulator.Build.0 = Release|Any CPU
		{C3371B7D-3EB8-4E61-AFBD-3E9E21A42F99}.Release|iPhoneSimulator.Deploy.0 = Release|Any CPU
		{C3371B7D-3EB8-4E61-AFBD-3E9E21A42F99}.Release|x64.ActiveCfg = Release|Any CPU
		{C3371B7D-3EB8-4E61-AFBD-3E9E21A42F99}.Release|x64.Build.0 = Release|Any CPU
		{C3371B7D-3EB8-4E61-AFBD-3E9E21A42F99}.Release|x64.Deploy.0 = Release|Any CPU
		{C3371B7D-3EB8-4E61-AFBD-3E9E21A42F99}.Release|x86.ActiveCfg = Release|Any CPU
		{C3371B7D-3EB8-4E61-AFBD-3E9E21A42F99}.Release|x86.Build.0 = Release|Any CPU
		{C3371B7D-3EB8-4E61-AFBD-3E9E21A42F99}.Release|x86.Deploy.0 = Release|Any CPU
		{4EF13D7C-40F8-41D2-A930-3F904F60C67F}.Debug|Any CPU.ActiveCfg = Debug|iPhone
		{4EF13D7C-40F8-41D2-A930-3F904F60C67F}.Debug|ARM.ActiveCfg = Debug|iPhone
		{4EF13D7C-40F8-41D2-A930-3F904F60C67F}.Debug|iPhone.ActiveCfg = Debug|iPhone
		{4EF13D7C-40F8-41D2-A930-3F904F60C67F}.Debug|iPhone.Build.0 = Debug|iPhone
		{4EF13D7C-40F8-41D2-A930-3F904F60C67F}.Debug|iPhoneSimulator.ActiveCfg = Debug|iPhoneSimulator
		{4EF13D7C-40F8-41D2-A930-3F904F60C67F}.Debug|iPhoneSimulator.Build.0 = Debug|iPhoneSimulator
		{4EF13D7C-40F8-41D2-A930-3F904F60C67F}.Debug|x64.ActiveCfg = Debug|iPhone
		{4EF13D7C-40F8-41D2-A930-3F904F60C67F}.Debug|x86.ActiveCfg = Debug|iPhone
		{4EF13D7C-40F8-41D2-A930-3F904F60C67F}.Release|Any CPU.ActiveCfg = Release|iPhone
		{4EF13D7C-40F8-41D2-A930-3F904F60C67F}.Release|ARM.ActiveCfg = Release|iPhone
		{4EF13D7C-40F8-41D2-A930-3F904F60C67F}.Release|iPhone.ActiveCfg = Release|iPhone
		{4EF13D7C-40F8-41D2-A930-3F904F60C67F}.Release|iPhone.Build.0 = Release|iPhone
		{4EF13D7C-40F8-41D2-A930-3F904F60C67F}.Release|iPhoneSimulator.ActiveCfg = Release|iPhoneSimulator
		{4EF13D7C-40F8-41D2-A930-3F904F60C67F}.Release|iPhoneSimulator.Build.0 = Release|iPhoneSimulator
		{4EF13D7C-40F8-41D2-A930-3F904F60C67F}.Release|x64.ActiveCfg = Release|iPhone
		{4EF13D7C-40F8-41D2-A930-3F904F60C67F}.Release|x86.ActiveCfg = Release|iPhone
		{1787C9B9-3D01-4722-B38A-1F2F17C648C9}.Debug|Any CPU.ActiveCfg = Debug|Any CPU
		{1787C9B9-3D01-4722-B38A-1F2F17C648C9}.Debug|Any CPU.Build.0 = Debug|Any CPU
		{1787C9B9-3D01-4722-B38A-1F2F17C648C9}.Debug|ARM.ActiveCfg = Debug|Any CPU
		{1787C9B9-3D01-4722-B38A-1F2F17C648C9}.Debug|ARM.Build.0 = Debug|Any CPU
		{1787C9B9-3D01-4722-B38A-1F2F17C648C9}.Debug|iPhone.ActiveCfg = Debug|Any CPU
		{1787C9B9-3D01-4722-B38A-1F2F17C648C9}.Debug|iPhone.Build.0 = Debug|Any CPU
		{1787C9B9-3D01-4722-B38A-1F2F17C648C9}.Debug|iPhoneSimulator.ActiveCfg = Debug|Any CPU
		{1787C9B9-3D01-4722-B38A-1F2F17C648C9}.Debug|iPhoneSimulator.Build.0 = Debug|Any CPU
		{1787C9B9-3D01-4722-B38A-1F2F17C648C9}.Debug|x64.ActiveCfg = Debug|Any CPU
		{1787C9B9-3D01-4722-B38A-1F2F17C648C9}.Debug|x64.Build.0 = Debug|Any CPU
		{1787C9B9-3D01-4722-B38A-1F2F17C648C9}.Debug|x86.ActiveCfg = Debug|Any CPU
		{1787C9B9-3D01-4722-B38A-1F2F17C648C9}.Debug|x86.Build.0 = Debug|Any CPU
		{1787C9B9-3D01-4722-B38A-1F2F17C648C9}.Release|Any CPU.ActiveCfg = Release|Any CPU
		{1787C9B9-3D01-4722-B38A-1F2F17C648C9}.Release|Any CPU.Build.0 = Release|Any CPU
		{1787C9B9-3D01-4722-B38A-1F2F17C648C9}.Release|ARM.ActiveCfg = Release|Any CPU
		{1787C9B9-3D01-4722-B38A-1F2F17C648C9}.Release|ARM.Build.0 = Release|Any CPU
		{1787C9B9-3D01-4722-B38A-1F2F17C648C9}.Release|iPhone.ActiveCfg = Release|Any CPU
		{1787C9B9-3D01-4722-B38A-1F2F17C648C9}.Release|iPhone.Build.0 = Release|Any CPU
		{1787C9B9-3D01-4722-B38A-1F2F17C648C9}.Release|iPhoneSimulator.ActiveCfg = Release|Any CPU
		{1787C9B9-3D01-4722-B38A-1F2F17C648C9}.Release|iPhoneSimulator.Build.0 = Release|Any CPU
		{1787C9B9-3D01-4722-B38A-1F2F17C648C9}.Release|x64.ActiveCfg = Release|Any CPU
		{1787C9B9-3D01-4722-B38A-1F2F17C648C9}.Release|x64.Build.0 = Release|Any CPU
		{1787C9B9-3D01-4722-B38A-1F2F17C648C9}.Release|x86.ActiveCfg = Release|Any CPU
		{1787C9B9-3D01-4722-B38A-1F2F17C648C9}.Release|x86.Build.0 = Release|Any CPU
		{F3DF5740-15EF-4B35-ABC0-A1E4B4E6E5DA}.Debug|Any CPU.ActiveCfg = Debug|x86
		{F3DF5740-15EF-4B35-ABC0-A1E4B4E6E5DA}.Debug|Any CPU.Build.0 = Debug|x86
		{F3DF5740-15EF-4B35-ABC0-A1E4B4E6E5DA}.Debug|Any CPU.Deploy.0 = Debug|x86
		{F3DF5740-15EF-4B35-ABC0-A1E4B4E6E5DA}.Debug|ARM.ActiveCfg = Debug|ARM
		{F3DF5740-15EF-4B35-ABC0-A1E4B4E6E5DA}.Debug|ARM.Build.0 = Debug|ARM
		{F3DF5740-15EF-4B35-ABC0-A1E4B4E6E5DA}.Debug|ARM.Deploy.0 = Debug|ARM
		{F3DF5740-15EF-4B35-ABC0-A1E4B4E6E5DA}.Debug|iPhone.ActiveCfg = Debug|x86
		{F3DF5740-15EF-4B35-ABC0-A1E4B4E6E5DA}.Debug|iPhoneSimulator.ActiveCfg = Debug|x86
		{F3DF5740-15EF-4B35-ABC0-A1E4B4E6E5DA}.Debug|x64.ActiveCfg = Debug|x64
		{F3DF5740-15EF-4B35-ABC0-A1E4B4E6E5DA}.Debug|x64.Build.0 = Debug|x64
		{F3DF5740-15EF-4B35-ABC0-A1E4B4E6E5DA}.Debug|x64.Deploy.0 = Debug|x64
		{F3DF5740-15EF-4B35-ABC0-A1E4B4E6E5DA}.Debug|x86.ActiveCfg = Debug|x86
		{F3DF5740-15EF-4B35-ABC0-A1E4B4E6E5DA}.Debug|x86.Build.0 = Debug|x86
		{F3DF5740-15EF-4B35-ABC0-A1E4B4E6E5DA}.Debug|x86.Deploy.0 = Debug|x86
		{F3DF5740-15EF-4B35-ABC0-A1E4B4E6E5DA}.Release|Any CPU.ActiveCfg = Release|x86
		{F3DF5740-15EF-4B35-ABC0-A1E4B4E6E5DA}.Release|ARM.ActiveCfg = Release|ARM
		{F3DF5740-15EF-4B35-ABC0-A1E4B4E6E5DA}.Release|ARM.Build.0 = Release|ARM
		{F3DF5740-15EF-4B35-ABC0-A1E4B4E6E5DA}.Release|ARM.Deploy.0 = Release|ARM
		{F3DF5740-15EF-4B35-ABC0-A1E4B4E6E5DA}.Release|iPhone.ActiveCfg = Release|x86
		{F3DF5740-15EF-4B35-ABC0-A1E4B4E6E5DA}.Release|iPhoneSimulator.ActiveCfg = Release|x86
		{F3DF5740-15EF-4B35-ABC0-A1E4B4E6E5DA}.Release|x64.ActiveCfg = Release|x64
		{F3DF5740-15EF-4B35-ABC0-A1E4B4E6E5DA}.Release|x64.Build.0 = Release|x64
		{F3DF5740-15EF-4B35-ABC0-A1E4B4E6E5DA}.Release|x64.Deploy.0 = Release|x64
		{F3DF5740-15EF-4B35-ABC0-A1E4B4E6E5DA}.Release|x86.ActiveCfg = Release|x86
		{F3DF5740-15EF-4B35-ABC0-A1E4B4E6E5DA}.Release|x86.Build.0 = Release|x86
		{F3DF5740-15EF-4B35-ABC0-A1E4B4E6E5DA}.Release|x86.Deploy.0 = Release|x86
	EndGlobalSection
	GlobalSection(SolutionProperties) = preSolution
		HideSolutionNode = FALSE
	EndGlobalSection
EndGlobal
